
Microsoft Visual Studio Solution File, Format Version 11.00
# Visual Studio 2010
Project("{FAE04EC0-301F-11D3-BF4B-00C04F79EFBC}") = "VuforiaScripts", "VuforiaScripts.csproj", "{1D94CA4F-7768-5C30-2083-4B5980CDD313}"
EndProject
Project("{FAE04EC0-301F-11D3-BF4B-00C04F79EFBC}") = "Assembly-CSharp", "Assembly-CSharp.csproj", "{819D6354-AAE2-C0BD-C35B-E6CBF5F7E958}"
EndProject
Project("{FAE04EC0-301F-11D3-BF4B-00C04F79EFBC}") = "VuforiaEditorScripts", "VuforiaEditorScripts.csproj", "{048B1687-EE5F-915C-D9AF-771D1003B1EB}"
EndProject
Global
	GlobalSection(SolutionConfigurationPlatforms) = preSolution
		Debug|Any CPU = Debug|Any CPU
		Release|Any CPU = Release|Any CPU
	EndGlobalSection
	GlobalSection(ProjectConfigurationPlatforms) = postSolution
		{1D94CA4F-7768-5C30-2083-4B5980CDD313}.Debug|Any CPU.ActiveCfg = Debug|Any CPU
		{1D94CA4F-7768-5C30-2083-4B5980CDD313}.Debug|Any CPU.Build.0 = Debug|Any CPU
		{1D94CA4F-7768-5C30-2083-4B5980CDD313}.Release|Any CPU.ActiveCfg = Release|Any CPU
		{1D94CA4F-7768-5C30-2083-4B5980CDD313}.Release|Any CPU.Build.0 = Release|Any CPU
		{819D6354-AAE2-C0BD-C35B-E6CBF5F7E958}.Debug|Any CPU.ActiveCfg = Debug|Any CPU
		{819D6354-AAE2-C0BD-C35B-E6CBF5F7E958}.Debug|Any CPU.Build.0 = Debug|Any CPU
		{819D6354-AAE2-C0BD-C35B-E6CBF5F7E958}.Release|Any CPU.ActiveCfg = Release|Any CPU
		{819D6354-AAE2-C0BD-C35B-E6CBF5F7E958}.Release|Any CPU.Build.0 = Release|Any CPU
		{048B1687-EE5F-915C-D9AF-771D1003B1EB}.Debug|Any CPU.ActiveCfg = Debug|Any CPU
		{048B1687-EE5F-915C-D9AF-771D1003B1EB}.Debug|Any CPU.Build.0 = Debug|Any CPU
		{048B1687-EE5F-915C-D9AF-771D1003B1EB}.Release|Any CPU.ActiveCfg = Release|Any CPU
		{048B1687-EE5F-915C-D9AF-771D1003B1EB}.Release|Any CPU.Build.0 = Release|Any CPU
	EndGlobalSection
	GlobalSection(SolutionProperties) = preSolution
		HideSolutionNode = FALSE
	EndGlobalSection
	GlobalSection(MonoDevelopProperties) = preSolution
		StartupItem = Assembly-CSharp.csproj
	EndGlobalSection
EndGlobal
